<?xml version="1.0" encoding="utf-8"?>
<Project ToolsVersion="4.0" xmlns="http://schemas.microsoft.com/developer/msbuild/2003">
  <ItemGroup>
    <Filter Include="Source Files">
      <UniqueIdentifier>{B1F27843-FECA-1BAD-51ED-8A0071935788}</UniqueIdentifier>
      <Extensions>cpp;cxx;cc;c;C</Extensions>
    </Filter>
    <Filter Include="Header Files">
      <UniqueIdentifier>{06319535-FECA-1BAD-51ED-8A0071935788}</UniqueIdentifier>
      <Extensions>h;hpp;hxx;hh</Extensions>
    </Filter>
    <Filter Include="Build Files">
      <UniqueIdentifier>{A1909F1C-FECA-1BAD-51ED-8A0071935788}</UniqueIdentifier>
      <Extensions>mpc;mpb;mwc</Extensions>
    </Filter>
    <Filter Include="Documentation">
      <UniqueIdentifier>{B14BBA74-FECA-1BAD-51ED-8A0071935788}</UniqueIdentifier>
    </Filter>
  </ItemGroup>
  <ItemGroup>
    <ClCompile Include="Binary_Search.cpp">
      <Filter>Source Files</Filter>
    </ClCompile>
    <ClCompile Include="BS_Client.cpp">
      <Filter>Source Files</Filter>
    </ClCompile>
    <ClCompile Include="BS_Server.cpp">
      <Filter>Source Files</Filter>
    </ClCompile>
    <ClCompile Include="CM_Client.cpp">
      <Filter>Source Files</Filter>
    </ClCompile>
    <ClCompile Include="CM_Server.cpp">
      <Filter>Source Files</Filter>
    </ClCompile>
    <ClCompile Include="Comm_Manager.cpp">
      <Filter>Source Files</Filter>
    </ClCompile>
    <ClCompile Include="Drwho_Node.cpp">
      <Filter>Source Files</Filter>
    </ClCompile>
    <ClCompile Include="File_Manager.cpp">
      <Filter>Source Files</Filter>
    </ClCompile>
    <ClCompile Include="Hash_Table.cpp">
      <Filter>Source Files</Filter>
    </ClCompile>
    <ClCompile Include="HT_Client.cpp">
      <Filter>Source Files</Filter>
    </ClCompile>
    <ClCompile Include="HT_Server.cpp">
      <Filter>Source Files</Filter>
    </ClCompile>
    <ClCompile Include="Multicast_Manager.cpp">
      <Filter>Source Files</Filter>
    </ClCompile>
    <ClCompile Include="Options.cpp">
      <Filter>Source Files</Filter>
    </ClCompile>
    <ClCompile Include="PM_Client.cpp">
      <Filter>Source Files</Filter>
    </ClCompile>
    <ClCompile Include="PM_Server.cpp">
      <Filter>Source Files</Filter>
    </ClCompile>
    <ClCompile Include="PMC_All.cpp">
      <Filter>Source Files</Filter>
    </ClCompile>
    <ClCompile Include="PMC_Flo.cpp">
      <Filter>Source Files</Filter>
    </ClCompile>
    <ClCompile Include="PMC_Ruser.cpp">
      <Filter>Source Files</Filter>
    </ClCompile>
    <ClCompile Include="PMC_Usr.cpp">
      <Filter>Source Files</Filter>
    </ClCompile>
    <ClCompile Include="PMS_All.cpp">
      <Filter>Source Files</Filter>
    </ClCompile>
    <ClCompile Include="PMS_Flo.cpp">
      <Filter>Source Files</Filter>
    </ClCompile>
    <ClCompile Include="PMS_Ruser.cpp">
      <Filter>Source Files</Filter>
    </ClCompile>
    <ClCompile Include="PMS_Usr.cpp">
      <Filter>Source Files</Filter>
    </ClCompile>
    <ClCompile Include="Protocol_Manager.cpp">
      <Filter>Source Files</Filter>
    </ClCompile>
    <ClCompile Include="Protocol_Record.cpp">
      <Filter>Source Files</Filter>
    </ClCompile>
    <ClCompile Include="Rwho_DB_Manager.cpp">
      <Filter>Source Files</Filter>
    </ClCompile>
    <ClCompile Include="Search_Struct.cpp">
      <Filter>Source Files</Filter>
    </ClCompile>
    <ClCompile Include="Select_Manager.cpp">
      <Filter>Source Files</Filter>
    </ClCompile>
    <ClCompile Include="server.cpp">
      <Filter>Source Files</Filter>
    </ClCompile>
    <ClCompile Include="Single_Lookup.cpp">
      <Filter>Source Files</Filter>
    </ClCompile>
    <ClCompile Include="SL_Client.cpp">
      <Filter>Source Files</Filter>
    </ClCompile>
    <ClCompile Include="SL_Server.cpp">
      <Filter>Source Files</Filter>
    </ClCompile>
    <ClCompile Include="SM_Client.cpp">
      <Filter>Source Files</Filter>
    </ClCompile>
    <ClCompile Include="SM_Server.cpp">
      <Filter>Source Files</Filter>
    </ClCompile>
    <ClCompile Include="SML_Client.cpp">
      <Filter>Source Files</Filter>
    </ClCompile>
    <ClCompile Include="SML_Server.cpp">
      <Filter>Source Files</Filter>
    </ClCompile>
    <ClCompile Include="SMR_Client.cpp">
      <Filter>Source Files</Filter>
    </ClCompile>
    <ClCompile Include="SMR_Server.cpp">
      <Filter>Source Files</Filter>
    </ClCompile>
  </ItemGroup>
  <ItemGroup>
    <ClInclude Include="Binary_Search.h">
      <Filter>Header Files</Filter>
    </ClInclude>
    <ClInclude Include="BS_Client.h">
      <Filter>Header Files</Filter>
    </ClInclude>
    <ClInclude Include="BS_Server.h">
      <Filter>Header Files</Filter>
    </ClInclude>
    <ClInclude Include="CM_Client.h">
      <Filter>Header Files</Filter>
    </ClInclude>
    <ClInclude Include="CM_Server.h">
      <Filter>Header Files</Filter>
    </ClInclude>
    <ClInclude Include="Comm_Manager.h">
      <Filter>Header Files</Filter>
    </ClInclude>
    <ClInclude Include="Drwho_Node.h">
      <Filter>Header Files</Filter>
    </ClInclude>
    <ClInclude Include="File_Manager.h">
      <Filter>Header Files</Filter>
    </ClInclude>
    <ClInclude Include="Hash_Table.h">
      <Filter>Header Files</Filter>
    </ClInclude>
    <ClInclude Include="HT_Client.h">
      <Filter>Header Files</Filter>
    </ClInclude>
    <ClInclude Include="HT_Server.h">
      <Filter>Header Files</Filter>
    </ClInclude>
    <ClInclude Include="Multicast_Manager.h">
      <Filter>Header Files</Filter>
    </ClInclude>
    <ClInclude Include="Options.h">
      <Filter>Header Files</Filter>
    </ClInclude>
    <ClInclude Include="PM_Client.h">
      <Filter>Header Files</Filter>
    </ClInclude>
    <ClInclude Include="PM_Server.h">
      <Filter>Header Files</Filter>
    </ClInclude>
    <ClInclude Include="PMC_All.h">
      <Filter>Header Files</Filter>
    </ClInclude>
    <ClInclude Include="PMC_Flo.h">
      <Filter>Header Files</Filter>
    </ClInclude>
    <ClInclude Include="PMC_Ruser.h">
      <Filter>Header Files</Filter>
    </ClInclude>
    <ClInclude Include="PMC_Usr.h">
      <Filter>Header Files</Filter>
    </ClInclude>
    <ClInclude Include="PMS_All.h">
      <Filter>Header Files</Filter>
    </ClInclude>
    <ClInclude Include="PMS_Flo.h">
      <Filter>Header Files</Filter>
    </ClInclude>
    <ClInclude Include="PMS_Ruser.h">
      <Filter>Header Files</Filter>
    </ClInclude>
    <ClInclude Include="PMS_Usr.h">
      <Filter>Header Files</Filter>
    </ClInclude>
    <ClInclude Include="Protocol_Manager.h">
      <Filter>Header Files</Filter>
    </ClInclude>
    <ClInclude Include="Protocol_Record.h">
      <Filter>Header Files</Filter>
    </ClInclude>
    <ClInclude Include="Rwho_DB_Manager.h">
      <Filter>Header Files</Filter>
    </ClInclude>
    <ClInclude Include="Search_Struct.h">
      <Filter>Header Files</Filter>
    </ClInclude>
    <ClInclude Include="Select_Manager.h">
      <Filter>Header Files</Filter>
    </ClInclude>
    <ClInclude Include="Single_Lookup.h">
      <Filter>Header Files</Filter>
    </ClInclude>
    <ClInclude Include="SL_Client.h">
      <Filter>Header Files</Filter>
    </ClInclude>
    <ClInclude Include="SL_Server.h">
      <Filter>Header Files</Filter>
    </ClInclude>
    <ClInclude Include="SM_Client.h">
      <Filter>Header Files</Filter>
    </ClInclude>
    <ClInclude Include="SM_Server.h">
      <Filter>Header Files</Filter>
    </ClInclude>
    <ClInclude Include="SML_Client.h">
      <Filter>Header Files</Filter>
    </ClInclude>
    <ClInclude Include="SML_Server.h">
      <Filter>Header Files</Filter>
    </ClInclude>
    <ClInclude Include="SMR_Client.h">
      <Filter>Header Files</Filter>
    </ClInclude>
    <ClInclude Include="SMR_Server.h">
      <Filter>Header Files</Filter>
    </ClInclude>
  </ItemGroup>
  <ItemGroup>
    <None Include="drwho.mpc">
      <Filter>Build Files</Filter>
    </None>
  </ItemGroup>
  <ItemGroup>
    <CustomBuild Include="README">
      <Filter>Documentation</Filter>
    </CustomBuild>
  </ItemGroup>
</Project>
